Microsoft Visual Studio Solution File, Format Version 12.00
# Visual Studio Version 17
VisualStudioVersion = 17.5.2.0
MinimumVisualStudioVersion = 10.0.40219.1
Project("{2150E333-8FDC-42A3-9474-1A3956D46DE8}") = "Desafio-Estacionamento", "Desafio-Estacionamento", "{25217BBD-02A2-830C-74AA-9B1547D7126A}"
EndProject
Project("{FAE04EC0-301F-11D3-BF4B-00C04F79EFBC}") = "DesafioFundamentos", "Desafio-Estacionamento\DesafioFundamentos\DesafioFundamentos.csproj", "{9ACC9C5C-E51C-F21B-4AFF-B409BB142590}"
EndProject
Global
	GlobalSection(SolutionConfigurationPlatforms) = preSolution
		Debug|Any CPU = Debug|Any CPU
		Release|Any CPU = Release|Any CPU
	EndGlobalSection
	GlobalSection(ProjectConfigurationPlatforms) = postSolution
		{9ACC9C5C-E51C-F21B-4AFF-B409BB142590}.Debug|Any CPU.ActiveCfg = Debug|Any CPU
		{9ACC9C5C-E51C-F21B-4AFF-B409BB142590}.Debug|Any CPU.Build.0 = Debug|Any CPU
		{9ACC9C5C-E51C-F21B-4AFF-B409BB142590}.Release|Any CPU.ActiveCfg = Release|Any CPU
		{9ACC9C5C-E51C-F21B-4AFF-B409BB142590}.Release|Any CPU.Build.0 = Release|Any CPU
	EndGlobalSection
	GlobalSection(SolutionProperties) = preSolution
		HideSolutionNode = FALSE
	EndGlobalSection
	GlobalSection(NestedProjects) = preSolution
		{9ACC9C5C-E51C-F21B-4AFF-B409BB142590} = {25217BBD-02A2-830C-74AA-9B1547D7126A}
	EndGlobalSection
	GlobalSection(ExtensibilityGlobals) = postSolution
		SolutionGuid = {917DBAFE-FD9D-4186-91B7-231F44B19E2D}
	EndGlobalSection
EndGlobal
